
Microsoft Visual Studio Solution File, Format Version 12.00
# Visual Studio 2012
VisualStudioVersion = 12.0.30501.0
MinimumVisualStudioVersion = 10.0.40219.1
Project("{FAE04EC0-301F-11D3-BF4B-00C04F79EFBC}") = "ZoomStartupAnimation", "ZoomStartupAnimation\ZoomStartupAnimation\ZoomStartupAnimation.csproj", "{E44CB08B-F783-40A5-9CA5-2399AD0BB4AE}"
EndProject
Project("{FAE04EC0-301F-11D3-BF4B-00C04F79EFBC}") = "ZoomStartupAnimation.iOS", "ZoomStartupAnimation\ZoomStartupAnimation.iOS\ZoomStartupAnimation.iOS.csproj", "{1828FC5C-FFC5-43E7-8911-EF8D8C2351FD}"
EndProject
Project("{FAE04EC0-301F-11D3-BF4B-00C04F79EFBC}") = "ZoomStartupAnimation.Droid", "ZoomStartupAnimation\ZoomStartupAnimation.Droid\ZoomStartupAnimation.Droid.csproj", "{048E62B8-0D91-4B58-A355-889D255504AD}"
EndProject
Project("{FAE04EC0-301F-11D3-BF4B-00C04F79EFBC}") = "ZoomStartupAnimation.WinPhone", "ZoomStartupAnimation\ZoomStartupAnimation.WinPhone\ZoomStartupAnimation.WinPhone.csproj", "{6E9A7463-F5C3-45C0-BFEC-C8D1C2E0BCBF}"
EndProject
Global
	GlobalSection(SolutionConfigurationPlatforms) = preSolution
		Ad-Hoc|Any CPU = Ad-Hoc|Any CPU
		Ad-Hoc|ARM = Ad-Hoc|ARM
		Ad-Hoc|iPhone = Ad-Hoc|iPhone
		Ad-Hoc|iPhoneSimulator = Ad-Hoc|iPhoneSimulator
		Ad-Hoc|Mixed Platforms = Ad-Hoc|Mixed Platforms
		Ad-Hoc|x86 = Ad-Hoc|x86
		AppStore|Any CPU = AppStore|Any CPU
		AppStore|ARM = AppStore|ARM
		AppStore|iPhone = AppStore|iPhone
		AppStore|iPhoneSimulator = AppStore|iPhoneSimulator
		AppStore|Mixed Platforms = AppStore|Mixed Platforms
		AppStore|x86 = AppStore|x86
		Debug|Any CPU = Debug|Any CPU
		Debug|ARM = Debug|ARM
		Debug|iPhone = Debug|iPhone
		Debug|iPhoneSimulator = Debug|iPhoneSimulator
		Debug|Mixed Platforms = Debug|Mixed Platforms
		Debug|x86 = Debug|x86
		Release|Any CPU = Release|Any CPU
		Release|ARM = Release|ARM
		Release|iPhone = Release|iPhone
		Release|iPhoneSimulator = Release|iPhoneSimulator
		Release|Mixed Platforms = Release|Mixed Platforms
		Release|x86 = Release|x86
	EndGlobalSection
	GlobalSection(ProjectConfigurationPlatforms) = postSolution
		{048E62B8-0D91-4B58-A355-889D255504AD}.Ad-Hoc|Any CPU.ActiveCfg = Release|Any CPU
		{048E62B8-0D91-4B58-A355-889D255504AD}.Ad-Hoc|Any CPU.Build.0 = Release|Any CPU
		{048E62B8-0D91-4B58-A355-889D255504AD}.Ad-Hoc|Any CPU.Deploy.0 = Release|Any CPU
		{048E62B8-0D91-4B58-A355-889D255504AD}.Ad-Hoc|ARM.ActiveCfg = Release|Any CPU
		{048E62B8-0D91-4B58-A355-889D255504AD}.Ad-Hoc|iPhone.ActiveCfg = Release|Any CPU
		{048E62B8-0D91-4B58-A355-889D255504AD}.Ad-Hoc|iPhoneSimulator.ActiveCfg = Release|Any CPU
		{048E62B8-0D91-4B58-A355-889D255504AD}.Ad-Hoc|Mixed Platforms.ActiveCfg = Release|Any CPU
		{048E62B8-0D91-4B58-A355-889D255504AD}.Ad-Hoc|Mixed Platforms.Build.0 = Release|Any CPU
		{048E62B8-0D91-4B58-A355-889D255504AD}.Ad-Hoc|Mixed Platforms.Deploy.0 = Release|Any CPU
		{048E62B8-0D91-4B58-A355-889D255504AD}.Ad-Hoc|x86.ActiveCfg = Release|Any CPU
		{048E62B8-0D91-4B58-A355-889D255504AD}.AppStore|Any CPU.ActiveCfg = Release|Any CPU
		{048E62B8-0D91-4B58-A355-889D255504AD}.AppStore|Any CPU.Build.0 = Release|Any CPU
		{048E62B8-0D91-4B58-A355-889D255504AD}.AppStore|Any CPU.Deploy.0 = Release|Any CPU
		{048E62B8-0D91-4B58-A355-889D255504AD}.AppStore|ARM.ActiveCfg = Release|Any CPU
		{048E62B8-0D91-4B58-A355-889D255504AD}.AppStore|iPhone.ActiveCfg = Release|Any CPU
		{048E62B8-0D91-4B58-A355-889D255504AD}.AppStore|iPhoneSimulator.ActiveCfg = Release|Any CPU
		{048E62B8-0D91-4B58-A355-889D255504AD}.AppStore|Mixed Platforms.ActiveCfg = Release|Any CPU
		{048E62B8-0D91-4B58-A355-889D255504AD}.AppStore|Mixed Platforms.Build.0 = Release|Any CPU
		{048E62B8-0D91-4B58-A355-889D255504AD}.AppStore|Mixed Platforms.Deploy.0 = Release|Any CPU
		{048E62B8-0D91-4B58-A355-889D255504AD}.AppStore|x86.ActiveCfg = Release|Any CPU
		{048E62B8-0D91-4B58-A355-889D255504AD}.Debug|Any CPU.ActiveCfg = Debug|Any CPU
		{048E62B8-0D91-4B58-A355-889D255504AD}.Debug|Any CPU.Build.0 = Debug|Any CPU
		{048E62B8-0D91-4B58-A355-889D255504AD}.Debug|Any CPU.Deploy.0 = Debug|Any CPU
		{048E62B8-0D91-4B58-A355-889D255504AD}.Debug|ARM.ActiveCfg = Debug|Any CPU
		{048E62B8-0D91-4B58-A355-889D255504AD}.Debug|iPhone.ActiveCfg = Debug|Any CPU
		{048E62B8-0D91-4B58-A355-889D255504AD}.Debug|iPhoneSimulator.ActiveCfg = Debug|Any CPU
		{048E62B8-0D91-4B58-A355-889D255504AD}.Debug|Mixed Platforms.ActiveCfg = Debug|Any CPU
		{048E62B8-0D91-4B58-A355-889D255504AD}.Debug|Mixed Platforms.Build.0 = Debug|Any CPU
		{048E62B8-0D91-4B58-A355-889D255504AD}.Debug|Mixed Platforms.Deploy.0 = Debug|Any CPU
		{048E62B8-0D91-4B58-A355-889D255504AD}.Debug|x86.ActiveCfg = Debug|Any CPU
		{048E62B8-0D91-4B58-A355-889D255504AD}.Release|Any CPU.ActiveCfg = Release|Any CPU
		{048E62B8-0D91-4B58-A355-889D255504AD}.Release|Any CPU.Build.0 = Release|Any CPU
		{048E62B8-0D91-4B58-A355-889D255504AD}.Release|Any CPU.Deploy.0 = Release|Any CPU
		{048E62B8-0D91-4B58-A355-889D255504AD}.Release|ARM.ActiveCfg = Release|Any CPU
		{048E62B8-0D91-4B58-A355-889D255504AD}.Release|iPhone.ActiveCfg = Release|Any CPU
		{048E62B8-0D91-4B58-A355-889D255504AD}.Release|iPhoneSimulator.ActiveCfg = Release|Any CPU
		{048E62B8-0D91-4B58-A355-889D255504AD}.Release|Mixed Platforms.ActiveCfg = Release|Any CPU
		{048E62B8-0D91-4B58-A355-889D255504AD}.Release|Mixed Platforms.Build.0 = Release|Any CPU
		{048E62B8-0D91-4B58-A355-889D255504AD}.Release|Mixed Platforms.Deploy.0 = Release|Any CPU
		{048E62B8-0D91-4B58-A355-889D255504AD}.Release|x86.ActiveCfg = Release|Any CPU
		{1828FC5C-FFC5-43E7-8911-EF8D8C2351FD}.Ad-Hoc|Any CPU.ActiveCfg = Ad-Hoc|iPhone
		{1828FC5C-FFC5-43E7-8911-EF8D8C2351FD}.Ad-Hoc|ARM.ActiveCfg = Ad-Hoc|iPhone
		{1828FC5C-FFC5-43E7-8911-EF8D8C2351FD}.Ad-Hoc|iPhone.ActiveCfg = Ad-Hoc|iPhone
		{1828FC5C-FFC5-43E7-8911-EF8D8C2351FD}.Ad-Hoc|iPhone.Build.0 = Ad-Hoc|iPhone
		{1828FC5C-FFC5-43E7-8911-EF8D8C2351FD}.Ad-Hoc|iPhoneSimulator.ActiveCfg = Ad-Hoc|iPhoneSimulator
		{1828FC5C-FFC5-43E7-8911-EF8D8C2351FD}.Ad-Hoc|iPhoneSimulator.Build.0 = Ad-Hoc|iPhoneSimulator
		{1828FC5C-FFC5-43E7-8911-EF8D8C2351FD}.Ad-Hoc|Mixed Platforms.ActiveCfg = Ad-Hoc|iPhone
		{1828FC5C-FFC5-43E7-8911-EF8D8C2351FD}.Ad-Hoc|Mixed Platforms.Build.0 = Ad-Hoc|iPhone
		{1828FC5C-FFC5-43E7-8911-EF8D8C2351FD}.Ad-Hoc|x86.ActiveCfg = Ad-Hoc|iPhone
		{1828FC5C-FFC5-43E7-8911-EF8D8C2351FD}.AppStore|Any CPU.ActiveCfg = AppStore|iPhone
		{1828FC5C-FFC5-43E7-8911-EF8D8C2351FD}.AppStore|ARM.ActiveCfg = AppStore|iPhone
		{1828FC5C-FFC5-43E7-8911-EF8D8C2351FD}.AppStore|iPhone.ActiveCfg = AppStore|iPhone
		{1828FC5C-FFC5-43E7-8911-EF8D8C2351FD}.AppStore|iPhone.Build.0 = AppStore|iPhone
		{1828FC5C-FFC5-43E7-8911-EF8D8C2351FD}.AppStore|iPhoneSimulator.ActiveCfg = AppStore|iPhoneSimulator
		{1828FC5C-FFC5-43E7-8911-EF8D8C2351FD}.AppStore|iPhoneSimulator.Build.0 = AppStore|iPhoneSimulator
		{1828FC5C-FFC5-43E7-8911-EF8D8C2351FD}.AppStore|Mixed Platforms.ActiveCfg = AppStore|iPhone
		{1828FC5C-FFC5-43E7-8911-EF8D8C2351FD}.AppStore|Mixed Platforms.Build.0 = AppStore|iPhone
		{1828FC5C-FFC5-43E7-8911-EF8D8C2351FD}.AppStore|x86.ActiveCfg = AppStore|iPhone
		{1828FC5C-FFC5-43E7-8911-EF8D8C2351FD}.Debug|Any CPU.ActiveCfg = Debug|iPhone
		{1828FC5C-FFC5-43E7-8911-EF8D8C2351FD}.Debug|ARM.ActiveCfg = Debug|iPhone
		{1828FC5C-FFC5-43E7-8911-EF8D8C2351FD}.Debug|iPhone.ActiveCfg = Debug|iPhone
		{1828FC5C-FFC5-43E7-8911-EF8D8C2351FD}.Debug|iPhone.Build.0 = Debug|iPhone
		{1828FC5C-FFC5-43E7-8911-EF8D8C2351FD}.Debug|iPhoneSimulator.ActiveCfg = Debug|iPhoneSimulator
		{1828FC5C-FFC5-43E7-8911-EF8D8C2351FD}.Debug|iPhoneSimulator.Build.0 = Debug|iPhoneSimulator
		{1828FC5C-FFC5-43E7-8911-EF8D8C2351FD}.Debug|Mixed Platforms.ActiveCfg = Debug|iPhone
		{1828FC5C-FFC5-43E7-8911-EF8D8C2351FD}.Debug|Mixed Platforms.Build.0 = Debug|iPhone
		{1828FC5C-FFC5-43E7-8911-EF8D8C2351FD}.Debug|x86.ActiveCfg = Debug|iPhone
		{1828FC5C-FFC5-43E7-8911-EF8D8C2351FD}.Release|Any CPU.ActiveCfg = Release|iPhone
		{1828FC5C-FFC5-43E7-8911-EF8D8C2351FD}.Release|ARM.ActiveCfg = Release|iPhone
		{1828FC5C-FFC5-43E7-8911-EF8D8C2351FD}.Release|iPhone.ActiveCfg = Release|iPhone
		{1828FC5C-FFC5-43E7-8911-EF8D8C2351FD}.Release|iPhone.Build.0 = Release|iPhone
		{1828FC5C-FFC5-43E7-8911-EF8D8C2351FD}.Release|iPhoneSimulator.ActiveCfg = Release|iPhoneSimulator
		{1828FC5C-FFC5-43E7-8911-EF8D8C2351FD}.Release|iPhoneSimulator.Build.0 = Release|iPhoneSimulator
		{1828FC5C-FFC5-43E7-8911-EF8D8C2351FD}.Release|Mixed Platforms.ActiveCfg = Release|iPhone
		{1828FC5C-FFC5-43E7-8911-EF8D8C2351FD}.Release|Mixed Platforms.Build.0 = Release|iPhone
		{1828FC5C-FFC5-43E7-8911-EF8D8C2351FD}.Release|x86.ActiveCfg = Release|iPhone
		{6E9A7463-F5C3-45C0-BFEC-C8D1C2E0BCBF}.Ad-Hoc|Any CPU.ActiveCfg = Release|Any CPU
		{6E9A7463-F5C3-45C0-BFEC-C8D1C2E0BCBF}.Ad-Hoc|Any CPU.Build.0 = Release|Any CPU
		{6E9A7463-F5C3-45C0-BFEC-C8D1C2E0BCBF}.Ad-Hoc|Any CPU.Deploy.0 = Release|Any CPU
		{6E9A7463-F5C3-45C0-BFEC-C8D1C2E0BCBF}.Ad-Hoc|ARM.ActiveCfg = Release|ARM
		{6E9A7463-F5C3-45C0-BFEC-C8D1C2E0BCBF}.Ad-Hoc|ARM.Build.0 = Release|ARM
		{6E9A7463-F5C3-45C0-BFEC-C8D1C2E0BCBF}.Ad-Hoc|ARM.Deploy.0 = Release|ARM
		{6E9A7463-F5C3-45C0-BFEC-C8D1C2E0BCBF}.Ad-Hoc|iPhone.ActiveCfg = Release|Any CPU
		{6E9A7463-F5C3-45C0-BFEC-C8D1C2E0BCBF}.Ad-Hoc|iPhoneSimulator.ActiveCfg = Release|Any CPU
		{6E9A7463-F5C3-45C0-BFEC-C8D1C2E0BCBF}.Ad-Hoc|Mixed Platforms.ActiveCfg = Release|x86
		{6E9A7463-F5C3-45C0-BFEC-C8D1C2E0BCBF}.Ad-Hoc|Mixed Platforms.Build.0 = Release|x86
		{6E9A7463-F5C3-45C0-BFEC-C8D1C2E0BCBF}.Ad-Hoc|Mixed Platforms.Deploy.0 = Release|x86
		{6E9A7463-F5C3-45C0-BFEC-C8D1C2E0BCBF}.Ad-Hoc|x86.ActiveCfg = Release|x86
		{6E9A7463-F5C3-45C0-BFEC-C8D1C2E0BCBF}.Ad-Hoc|x86.Build.0 = Release|x86
		{6E9A7463-F5C3-45C0-BFEC-C8D1C2E0BCBF}.Ad-Hoc|x86.Deploy.0 = Release|x86
		{6E9A7463-F5C3-45C0-BFEC-C8D1C2E0BCBF}.AppStore|Any CPU.ActiveCfg = Release|Any CPU
		{6E9A7463-F5C3-45C0-BFEC-C8D1C2E0BCBF}.AppStore|Any CPU.Build.0 = Release|Any CPU
		{6E9A7463-F5C3-45C0-BFEC-C8D1C2E0BCBF}.AppStore|Any CPU.Deploy.0 = Release|Any CPU
		{6E9A7463-F5C3-45C0-BFEC-C8D1C2E0BCBF}.AppStore|ARM.ActiveCfg = Release|ARM
		{6E9A7463-F5C3-45C0-BFEC-C8D1C2E0BCBF}.AppStore|ARM.Build.0 = Release|ARM
		{6E9A7463-F5C3-45C0-BFEC-C8D1C2E0BCBF}.AppStore|ARM.Deploy.0 = Release|ARM
		{6E9A7463-F5C3-45C0-BFEC-C8D1C2E0BCBF}.AppStore|iPhone.ActiveCfg = Release|Any CPU
		{6E9A7463-F5C3-45C0-BFEC-C8D1C2E0BCBF}.AppStore|iPhoneSimulator.ActiveCfg = Release|Any CPU
		{6E9A7463-F5C3-45C0-BFEC-C8D1C2E0BCBF}.AppStore|Mixed Platforms.ActiveCfg = Release|x86
		{6E9A7463-F5C3-45C0-BFEC-C8D1C2E0BCBF}.AppStore|Mixed Platforms.Build.0 = Release|x86
		{6E9A7463-F5C3-45C0-BFEC-C8D1C2E0BCBF}.AppStore|Mixed Platforms.Deploy.0 = Release|x86
		{6E9A7463-F5C3-45C0-BFEC-C8D1C2E0BCBF}.AppStore|x86.ActiveCfg = Release|x86
		{6E9A7463-F5C3-45C0-BFEC-C8D1C2E0BCBF}.AppStore|x86.Build.0 = Release|x86
		{6E9A7463-F5C3-45C0-BFEC-C8D1C2E0BCBF}.AppStore|x86.Deploy.0 = Release|x86
		{6E9A7463-F5C3-45C0-BFEC-C8D1C2E0BCBF}.Debug|Any CPU.ActiveCfg = Debug|Any CPU
		{6E9A7463-F5C3-45C0-BFEC-C8D1C2E0BCBF}.Debug|Any CPU.Build.0 = Debug|Any CPU
		{6E9A7463-F5C3-45C0-BFEC-C8D1C2E0BCBF}.Debug|Any CPU.Deploy.0 = Debug|Any CPU
		{6E9A7463-F5C3-45C0-BFEC-C8D1C2E0BCBF}.Debug|ARM.ActiveCfg = Debug|ARM
		{6E9A7463-F5C3-45C0-BFEC-C8D1C2E0BCBF}.Debug|ARM.Build.0 = Debug|ARM
		{6E9A7463-F5C3-45C0-BFEC-C8D1C2E0BCBF}.Debug|ARM.Deploy.0 = Debug|ARM
		{6E9A7463-F5C3-45C0-BFEC-C8D1C2E0BCBF}.Debug|iPhone.ActiveCfg = Debug|Any CPU
		{6E9A7463-F5C3-45C0-BFEC-C8D1C2E0BCBF}.Debug|iPhoneSimulator.ActiveCfg = Debug|Any CPU
		{6E9A7463-F5C3-45C0-BFEC-C8D1C2E0BCBF}.Debug|Mixed Platforms.ActiveCfg = Debug|x86
		{6E9A7463-F5C3-45C0-BFEC-C8D1C2E0BCBF}.Debug|Mixed Platforms.Build.0 = Debug|x86
		{6E9A7463-F5C3-45C0-BFEC-C8D1C2E0BCBF}.Debug|Mixed Platforms.Deploy.0 = Debug|x86
		{6E9A7463-F5C3-45C0-BFEC-C8D1C2E0BCBF}.Debug|x86.ActiveCfg = Debug|x86
		{6E9A7463-F5C3-45C0-BFEC-C8D1C2E0BCBF}.Debug|x86.Build.0 = Debug|x86
		{6E9A7463-F5C3-45C0-BFEC-C8D1C2E0BCBF}.Debug|x86.Deploy.0 = Debug|x86
		{6E9A7463-F5C3-45C0-BFEC-C8D1C2E0BCBF}.Release|Any CPU.ActiveCfg = Release|Any CPU
		{6E9A7463-F5C3-45C0-BFEC-C8D1C2E0BCBF}.Release|Any CPU.Build.0 = Release|Any CPU
		{6E9A7463-F5C3-45C0-BFEC-C8D1C2E0BCBF}.Release|Any CPU.Deploy.0 = Release|Any CPU
		{6E9A7463-F5C3-45C0-BFEC-C8D1C2E0BCBF}.Release|ARM.ActiveCfg = Release|ARM
		{6E9A7463-F5C3-45C0-BFEC-C8D1C2E0BCBF}.Release|ARM.Build.0 = Release|ARM
		{6E9A7463-F5C3-45C0-BFEC-C8D1C2E0BCBF}.Release|ARM.Deploy.0 = Release|ARM
		{6E9A7463-F5C3-45C0-BFEC-C8D1C2E0BCBF}.Release|iPhone.ActiveCfg = Release|Any CPU
		{6E9A7463-F5C3-45C0-BFEC-C8D1C2E0BCBF}.Release|iPhoneSimulator.ActiveCfg = Release|Any CPU
		{6E9A7463-F5C3-45C0-BFEC-C8D1C2E0BCBF}.Release|Mixed Platforms.ActiveCfg = Release|x86
		{6E9A7463-F5C3-45C0-BFEC-C8D1C2E0BCBF}.Release|Mixed Platforms.Build.0 = Release|x86
		{6E9A7463-F5C3-45C0-BFEC-C8D1C2E0BCBF}.Release|Mixed Platforms.Deploy.0 = Release|x86
		{6E9A7463-F5C3-45C0-BFEC-C8D1C2E0BCBF}.Release|x86.ActiveCfg = Release|x86
		{6E9A7463-F5C3-45C0-BFEC-C8D1C2E0BCBF}.Release|x86.Build.0 = Release|x86
		{6E9A7463-F5C3-45C0-BFEC-C8D1C2E0BCBF}.Release|x86.Deploy.0 = Release|x86
		{E44CB08B-F783-40A5-9CA5-2399AD0BB4AE}.Ad-Hoc|Any CPU.ActiveCfg = Release|Any CPU
		{E44CB08B-F783-40A5-9CA5-2399AD0BB4AE}.Ad-Hoc|Any CPU.Build.0 = Release|Any CPU
		{E44CB08B-F783-40A5-9CA5-2399AD0BB4AE}.Ad-Hoc|ARM.ActiveCfg = Release|Any CPU
		{E44CB08B-F783-40A5-9CA5-2399AD0BB4AE}.Ad-Hoc|iPhone.ActiveCfg = Release|Any CPU
		{E44CB08B-F783-40A5-9CA5-2399AD0BB4AE}.Ad-Hoc|iPhoneSimulator.ActiveCfg = Release|Any CPU
		{E44CB08B-F783-40A5-9CA5-2399AD0BB4AE}.Ad-Hoc|Mixed Platforms.ActiveCfg = Release|Any CPU
		{E44CB08B-F783-40A5-9CA5-2399AD0BB4AE}.Ad-Hoc|Mixed Platforms.Build.0 = Release|Any CPU
		{E44CB08B-F783-40A5-9CA5-2399AD0BB4AE}.Ad-Hoc|x86.ActiveCfg = Release|Any CPU
		{E44CB08B-F783-40A5-9CA5-2399AD0BB4AE}.AppStore|Any CPU.ActiveCfg = Release|Any CPU
		{E44CB08B-F783-40A5-9CA5-2399AD0BB4AE}.AppStore|Any CPU.Build.0 = Release|Any CPU
		{E44CB08B-F783-40A5-9CA5-2399AD0BB4AE}.AppStore|ARM.ActiveCfg = Release|Any CPU
		{E44CB08B-F783-40A5-9CA5-2399AD0BB4AE}.AppStore|iPhone.ActiveCfg = Release|Any CPU
		{E44CB08B-F783-40A5-9CA5-2399AD0BB4AE}.AppStore|iPhoneSimulator.ActiveCfg = Release|Any CPU
		{E44CB08B-F783-40A5-9CA5-2399AD0BB4AE}.AppStore|Mixed Platforms.ActiveCfg = Release|Any CPU
		{E44CB08B-F783-40A5-9CA5-2399AD0BB4AE}.AppStore|Mixed Platforms.Build.0 = Release|Any CPU
		{E44CB08B-F783-40A5-9CA5-2399AD0BB4AE}.AppStore|x86.ActiveCfg = Release|Any CPU
		{E44CB08B-F783-40A5-9CA5-2399AD0BB4AE}.Debug|Any CPU.ActiveCfg = Debug|Any CPU
		{E44CB08B-F783-40A5-9CA5-2399AD0BB4AE}.Debug|Any CPU.Build.0 = Debug|Any CPU
		{E44CB08B-F783-40A5-9CA5-2399AD0BB4AE}.Debug|ARM.ActiveCfg = Debug|Any CPU
		{E44CB08B-F783-40A5-9CA5-2399AD0BB4AE}.Debug|iPhone.ActiveCfg = Debug|Any CPU
		{E44CB08B-F783-40A5-9CA5-2399AD0BB4AE}.Debug|iPhoneSimulator.ActiveCfg = Debug|Any CPU
		{E44CB08B-F783-40A5-9CA5-2399AD0BB4AE}.Debug|Mixed Platforms.ActiveCfg = Debug|Any CPU
		{E44CB08B-F783-40A5-9CA5-2399AD0BB4AE}.Debug|Mixed Platforms.Build.0 = Debug|Any CPU
		{E44CB08B-F783-40A5-9CA5-2399AD0BB4AE}.Debug|x86.ActiveCfg = Debug|Any CPU
		{E44CB08B-F783-40A5-9CA5-2399AD0BB4AE}.Release|Any CPU.ActiveCfg = Release|Any CPU
		{E44CB08B-F783-40A5-9CA5-2399AD0BB4AE}.Release|Any CPU.Build.0 = Release|Any CPU
		{E44CB08B-F783-40A5-9CA5-2399AD0BB4AE}.Release|ARM.ActiveCfg = Release|Any CPU
		{E44CB08B-F783-40A5-9CA5-2399AD0BB4AE}.Release|iPhone.ActiveCfg = Release|Any CPU
		{E44CB08B-F783-40A5-9CA5-2399AD0BB4AE}.Release|iPhoneSimulator.ActiveCfg = Release|Any CPU
		{E44CB08B-F783-40A5-9CA5-2399AD0BB4AE}.Release|Mixed Platforms.ActiveCfg = Release|Any CPU
		{E44CB08B-F783-40A5-9CA5-2399AD0BB4AE}.Release|Mixed Platforms.Build.0 = Release|Any CPU
		{E44CB08B-F783-40A5-9CA5-2399AD0BB4AE}.Release|x86.ActiveCfg = Release|Any CPU
	EndGlobalSection
	GlobalSection(SolutionProperties) = preSolution
		HideSolutionNode = FALSE
	EndGlobalSection
EndGlobal
